PODS:
  - NitroMath (1.1.0)
  - NitroNSDictionaryCategories (1.1.0)
  - NitroUIColorCategories (1.1.1):
    - NitroMath (~> 1.1.0)
    - NitroNSDictionaryCategories (~> 1.1.0)
  - XXNibBridge (2.2.1)

DEPENDENCIES:
  - NitroUIColorCategories (~> 1.1)
  - XXNibBridge (= 2.2.1)

SPEC CHECKSUMS:
  NitroMath: 9402e21acb9687ce46cb48ceb9a5fa86d40aaee2
  NitroNSDictionaryCategories: 8d86cbfbcb7b6b2d69071314330ac11283137ae9
  NitroUIColorCategories: f6d844ac23380050f1d402c518681da8da959191
  XXNibBridge: adf045b28e25c769fb893bffbcd9d1517eac1d4f

COCOAPODS: 0.39.0
